
Microsoft Visual Studio Solution File, Format Version 12.00
# Visual Studio Version 16
VisualStudioVersion = 16.0.29215.179
MinimumVisualStudioVersion = 10.0.40219.1
Project("{FAE04EC0-301F-11D3-BF4B-00C04F79EFBC}") = "OnuManager-IPOE", "OnuManager-IPOE\OnuManager-IPOE.csproj", "{83326FE2-BC7C-4C79-99C0-FE4A6C07AA53}"
EndProject
Global
	GlobalSection(SolutionConfigurationPlatforms) = preSolution
		Debug|Any CPU = Debug|Any CPU
		Release|Any CPU = Release|Any CPU
	EndGlobalSection
	GlobalSection(ProjectConfigurationPlatforms) = postSolution
		{83326FE2-BC7C-4C79-99C0-FE4A6C07AA53}.Debug|Any CPU.ActiveCfg = Debug|Any CPU
		{83326FE2-BC7C-4C79-99C0-FE4A6C07AA53}.Debug|Any CPU.Build.0 = Debug|Any CPU
		{83326FE2-BC7C-4C79-99C0-FE4A6C07AA53}.Release|Any CPU.ActiveCfg = Release|Any CPU
		{83326FE2-BC7C-4C79-99C0-FE4A6C07AA53}.Release|Any CPU.Build.0 = Release|Any CPU
	EndGlobalSection
	GlobalSection(SolutionProperties) = preSolution
		HideSolutionNode = FALSE
	EndGlobalSection
	GlobalSection(ExtensibilityGlobals) = postSolution
		SolutionGuid = {F0EBB802-9E6F-409D-AD2F-ED0DE34BB969}
	EndGlobalSection
EndGlobal
